
Microsoft Visual Studio Solution File, Format Version 12.00
# Visual Studio Version 17
VisualStudioVersion = 17.7.34003.232
MinimumVisualStudioVersion = 10.0.40219.1
Project("{FAE04EC0-301F-11D3-BF4B-00C04F79EFBC}") = "Net8BearerToken", "Net8BearerToken\Net8BearerToken.csproj", "{F8A9ED22-5894-49A3-BF15-8BB66522E1C6}"
EndProject
Global
	GlobalSection(SolutionConfigurationPlatforms) = preSolution
		Debug|Any CPU = Debug|Any CPU
		Release|Any CPU = Release|Any CPU
	EndGlobalSection
	GlobalSection(ProjectConfigurationPlatforms) = postSolution
		{F8A9ED22-5894-49A3-BF15-8BB66522E1C6}.Debug|Any CPU.ActiveCfg = Debug|Any CPU
		{F8A9ED22-5894-49A3-BF15-8BB66522E1C6}.Debug|Any CPU.Build.0 = Debug|Any CPU
		{F8A9ED22-5894-49A3-BF15-8BB66522E1C6}.Release|Any CPU.ActiveCfg = Release|Any CPU
		{F8A9ED22-5894-49A3-BF15-8BB66522E1C6}.Release|Any CPU.Build.0 = Release|Any CPU
	EndGlobalSection
	GlobalSection(SolutionProperties) = preSolution
		HideSolutionNode = FALSE
	EndGlobalSection
	GlobalSection(ExtensibilityGlobals) = postSolution
		SolutionGuid = {54E0C810-D47A-45A8-8853-8E124269EFF5}
	EndGlobalSection
EndGlobal
